
Microsoft Visual Studio Solution File, Format Version 12.00
# Visual Studio Version 16
VisualStudioVersion = 16.0.31729.503
MinimumVisualStudioVersion = 10.0.40219.1
Project("{9A19103F-16F7-4668-BE54-9A1E7A4F7556}") = "MercadoEletronicoCore", "MercadoEletronicoCore\MercadoEletronicoCore.csproj", "{EF67930F-1175-4F54-AC94-7D9C873E774F}"
EndProject
Project("{2150E333-8FDC-42A3-9474-1A3956D46DE8}") = "Solution Items", "Solution Items", "{382D9548-E378-4A38-84C0-30B606C452C9}"
	ProjectSection(SolutionItems) = preProject
		.editorconfig = .editorconfig
	EndProjectSection
EndProject
Project("{FAE04EC0-301F-11D3-BF4B-00C04F79EFBC}") = "MercadoEletronico.Test", "MercadoEletronico.Test\MercadoEletronico.Test.csproj", "{77AE5D78-DA5B-4481-872A-935DDD2265C3}"
EndProject
Global
	GlobalSection(SolutionConfigurationPlatforms) = preSolution
		Debug|Any CPU = Debug|Any CPU
		Release|Any CPU = Release|Any CPU
	EndGlobalSection
	GlobalSection(ProjectConfigurationPlatforms) = postSolution
		{EF67930F-1175-4F54-AC94-7D9C873E774F}.Debug|Any CPU.ActiveCfg = Debug|Any CPU
		{EF67930F-1175-4F54-AC94-7D9C873E774F}.Debug|Any CPU.Build.0 = Debug|Any CPU
		{EF67930F-1175-4F54-AC94-7D9C873E774F}.Release|Any CPU.ActiveCfg = Release|Any CPU
		{EF67930F-1175-4F54-AC94-7D9C873E774F}.Release|Any CPU.Build.0 = Release|Any CPU
		{77AE5D78-DA5B-4481-872A-935DDD2265C3}.Debug|Any CPU.ActiveCfg = Debug|Any CPU
		{77AE5D78-DA5B-4481-872A-935DDD2265C3}.Debug|Any CPU.Build.0 = Debug|Any CPU
		{77AE5D78-DA5B-4481-872A-935DDD2265C3}.Release|Any CPU.ActiveCfg = Release|Any CPU
		{77AE5D78-DA5B-4481-872A-935DDD2265C3}.Release|Any CPU.Build.0 = Release|Any CPU
	EndGlobalSection
	GlobalSection(SolutionProperties) = preSolution
		HideSolutionNode = FALSE
	EndGlobalSection
	GlobalSection(ExtensibilityGlobals) = postSolution
		SolutionGuid = {FAFA563B-3D40-4348-B875-34D16BC1C183}
	EndGlobalSection
EndGlobal
